
Microsoft Visual Studio Solution File, Format Version 12.00
# Visual Studio 14
VisualStudioVersion = 14.0.25420.1
MinimumVisualStudioVersion = 10.0.40219.1
Project("{FAE04EC0-301F-11D3-BF4B-00C04F79EFBC}") = "DICOMSharp", "DICOMSharp\DICOMSharp.csproj", "{7D253498-DB6F-4F71-9755-F2350DF50D43}"
	ProjectSection(ProjectDependencies) = postProject
		{1C36D13C-A31E-4623-AE68-4C7FE377BFDD} = {1C36D13C-A31E-4623-AE68-4C7FE377BFDD}
	EndProjectSection
EndProject
Project("{FAE04EC0-301F-11D3-BF4B-00C04F79EFBC}") = "DICOMSharpTests", "DICOMSharpTests\DICOMSharpTests.csproj", "{66C08A58-8092-44E2-8226-9E1F0769AB42}"
EndProject
Project("{8BC9CEB8-8B4A-11D0-8D11-00A0C91BC942}") = "DICOMSharpJPEGCompression", "DICOMSharpJPEGCompression\DICOMSharpJPEGCompression.vcxproj", "{1C36D13C-A31E-4623-AE68-4C7FE377BFDD}"
	ProjectSection(ProjectDependencies) = postProject
		{524BE26D-FC60-4BC4-9100-128A0502FFF7} = {524BE26D-FC60-4BC4-9100-128A0502FFF7}
	EndProjectSection
EndProject
Project("{7CF6DF6D-3B04-46F8-A40B-537D21BCA0B4}") = "DICOMSharpDocs", "DICOMSharpDocs.shfbproj", "{F42377FA-5AB4-4C6A-8262-55404E192ECA}"
	ProjectSection(ProjectDependencies) = postProject
		{7D253498-DB6F-4F71-9755-F2350DF50D43} = {7D253498-DB6F-4F71-9755-F2350DF50D43}
	EndProjectSection
EndProject
Project("{2150E333-8FDC-42A3-9474-1A3956D46DE8}") = "Samples", "Samples", "{2C50F2BF-339C-4A42-96AC-EAC5C9F329F9}"
EndProject
Project("{FAE04EC0-301F-11D3-BF4B-00C04F79EFBC}") = "PromiscuousArchiver", "Samples\PromiscuousArchiver\PromiscuousArchiver.csproj", "{B5B86DC2-7503-455C-9857-D6D4AB49424A}"
EndProject
Project("{FAE04EC0-301F-11D3-BF4B-00C04F79EFBC}") = "ReallySimpleViewer", "Samples\ReallySimpleViewer\ReallySimpleViewer.csproj", "{41248205-EE65-4337-8924-90D17EB38DA0}"
EndProject
Project("{FAE04EC0-301F-11D3-BF4B-00C04F79EFBC}") = "DICOMManager", "Samples\DICOMManager\DICOMManager.csproj", "{FC45D3A2-A7D7-490E-9D35-F2B5B09D100D}"
EndProject
Project("{FAE04EC0-301F-11D3-BF4B-00C04F79EFBC}") = "DICOMDump", "Samples\DICOMSharpDump\DICOMDump.csproj", "{332754B9-E7A0-411A-B150-1DF5D7DC68F4}"
EndProject
Project("{2150E333-8FDC-42A3-9474-1A3956D46DE8}") = "DICOMManager", "DICOMManager", "{8AE0083C-FB48-439E-BD45-396BA72733BE}"
EndProject
Project("{FAE04EC0-301F-11D3-BF4B-00C04F79EFBC}") = "PSWebsite", "PSWebsite\PSWebsite.csproj", "{B2DA8BC5-07FD-4AC1-8221-D03B3D85237D}"
EndProject
Project("{FAE04EC0-301F-11D3-BF4B-00C04F79EFBC}") = "PSCommon", "PSCommon\PSCommon.csproj", "{3F3C02AA-9A47-4AE3-AADC-7415D363C8A8}"
EndProject
Project("{8BC9CEB8-8B4A-11D0-8D11-00A0C91BC942}") = "CharLS_VS2015", "DICOMSharpJPEGCompression\charls-2.0.0\src\CharLS_VS2015.vcxproj", "{524BE26D-FC60-4BC4-9100-128A0502FFF7}"
EndProject
Project("{54435603-DBB4-11D2-8724-00A0C9A8B90C}") = "DICOMManagerInstaller", "Samples\DICOMManager\DICOMManagerInstaller\DICOMManagerInstaller.vdproj", "{9A2BDD0B-D692-4BF5-A4A1-1BAF08AEB808}"
EndProject
Global
	GlobalSection(SolutionConfigurationPlatforms) = preSolution
		Debug|x86 = Debug|x86
		Release|x86 = Release|x86
	EndGlobalSection
	GlobalSection(ProjectConfigurationPlatforms) = postSolution
		{7D253498-DB6F-4F71-9755-F2350DF50D43}.Debug|x86.ActiveCfg = Debug|Any CPU
		{7D253498-DB6F-4F71-9755-F2350DF50D43}.Debug|x86.Build.0 = Debug|Any CPU
		{7D253498-DB6F-4F71-9755-F2350DF50D43}.Release|x86.ActiveCfg = Release|Any CPU
		{7D253498-DB6F-4F71-9755-F2350DF50D43}.Release|x86.Build.0 = Release|Any CPU
		{66C08A58-8092-44E2-8226-9E1F0769AB42}.Debug|x86.ActiveCfg = Debug|Any CPU
		{66C08A58-8092-44E2-8226-9E1F0769AB42}.Debug|x86.Build.0 = Debug|Any CPU
		{66C08A58-8092-44E2-8226-9E1F0769AB42}.Release|x86.ActiveCfg = Release|Any CPU
		{66C08A58-8092-44E2-8226-9E1F0769AB42}.Release|x86.Build.0 = Release|Any CPU
		{1C36D13C-A31E-4623-AE68-4C7FE377BFDD}.Debug|x86.ActiveCfg = Debug|Win32
		{1C36D13C-A31E-4623-AE68-4C7FE377BFDD}.Debug|x86.Build.0 = Debug|Win32
		{1C36D13C-A31E-4623-AE68-4C7FE377BFDD}.Release|x86.ActiveCfg = Release|Win32
		{1C36D13C-A31E-4623-AE68-4C7FE377BFDD}.Release|x86.Build.0 = Release|Win32
		{F42377FA-5AB4-4C6A-8262-55404E192ECA}.Debug|x86.ActiveCfg = Debug|Any CPU
		{F42377FA-5AB4-4C6A-8262-55404E192ECA}.Release|x86.ActiveCfg = Release|Any CPU
		{B5B86DC2-7503-455C-9857-D6D4AB49424A}.Debug|x86.ActiveCfg = Debug|x86
		{B5B86DC2-7503-455C-9857-D6D4AB49424A}.Debug|x86.Build.0 = Debug|x86
		{B5B86DC2-7503-455C-9857-D6D4AB49424A}.Release|x86.ActiveCfg = Release|x86
		{B5B86DC2-7503-455C-9857-D6D4AB49424A}.Release|x86.Build.0 = Release|x86
		{41248205-EE65-4337-8924-90D17EB38DA0}.Debug|x86.ActiveCfg = Debug|x86
		{41248205-EE65-4337-8924-90D17EB38DA0}.Debug|x86.Build.0 = Debug|x86
		{41248205-EE65-4337-8924-90D17EB38DA0}.Release|x86.ActiveCfg = Release|x86
		{41248205-EE65-4337-8924-90D17EB38DA0}.Release|x86.Build.0 = Release|x86
		{FC45D3A2-A7D7-490E-9D35-F2B5B09D100D}.Debug|x86.ActiveCfg = Debug|Any CPU
		{FC45D3A2-A7D7-490E-9D35-F2B5B09D100D}.Debug|x86.Build.0 = Debug|Any CPU
		{FC45D3A2-A7D7-490E-9D35-F2B5B09D100D}.Release|x86.ActiveCfg = Release|Any CPU
		{FC45D3A2-A7D7-490E-9D35-F2B5B09D100D}.Release|x86.Build.0 = Release|Any CPU
		{332754B9-E7A0-411A-B150-1DF5D7DC68F4}.Debug|x86.ActiveCfg = Debug|Any CPU
		{332754B9-E7A0-411A-B150-1DF5D7DC68F4}.Debug|x86.Build.0 = Debug|Any CPU
		{332754B9-E7A0-411A-B150-1DF5D7DC68F4}.Release|x86.ActiveCfg = Release|Any CPU
		{332754B9-E7A0-411A-B150-1DF5D7DC68F4}.Release|x86.Build.0 = Release|Any CPU
		{B2DA8BC5-07FD-4AC1-8221-D03B3D85237D}.Debug|x86.ActiveCfg = Debug|Any CPU
		{B2DA8BC5-07FD-4AC1-8221-D03B3D85237D}.Debug|x86.Build.0 = Debug|Any CPU
		{B2DA8BC5-07FD-4AC1-8221-D03B3D85237D}.Release|x86.ActiveCfg = Release|Any CPU
		{B2DA8BC5-07FD-4AC1-8221-D03B3D85237D}.Release|x86.Build.0 = Release|Any CPU
		{3F3C02AA-9A47-4AE3-AADC-7415D363C8A8}.Debug|x86.ActiveCfg = Debug|Any CPU
		{3F3C02AA-9A47-4AE3-AADC-7415D363C8A8}.Debug|x86.Build.0 = Debug|Any CPU
		{3F3C02AA-9A47-4AE3-AADC-7415D363C8A8}.Release|x86.ActiveCfg = Release|Any CPU
		{3F3C02AA-9A47-4AE3-AADC-7415D363C8A8}.Release|x86.Build.0 = Release|Any CPU
		{524BE26D-FC60-4BC4-9100-128A0502FFF7}.Debug|x86.ActiveCfg = Debug|Win32
		{524BE26D-FC60-4BC4-9100-128A0502FFF7}.Debug|x86.Build.0 = Debug|Win32
		{524BE26D-FC60-4BC4-9100-128A0502FFF7}.Release|x86.ActiveCfg = Release|Win32
		{524BE26D-FC60-4BC4-9100-128A0502FFF7}.Release|x86.Build.0 = Release|Win32
		{9A2BDD0B-D692-4BF5-A4A1-1BAF08AEB808}.Debug|x86.ActiveCfg = Debug
		{9A2BDD0B-D692-4BF5-A4A1-1BAF08AEB808}.Release|x86.ActiveCfg = Release
	EndGlobalSection
	GlobalSection(SolutionProperties) = preSolution
		HideSolutionNode = FALSE
	EndGlobalSection
	GlobalSection(NestedProjects) = preSolution
		{B5B86DC2-7503-455C-9857-D6D4AB49424A} = {2C50F2BF-339C-4A42-96AC-EAC5C9F329F9}
		{41248205-EE65-4337-8924-90D17EB38DA0} = {2C50F2BF-339C-4A42-96AC-EAC5C9F329F9}
		{FC45D3A2-A7D7-490E-9D35-F2B5B09D100D} = {8AE0083C-FB48-439E-BD45-396BA72733BE}
		{332754B9-E7A0-411A-B150-1DF5D7DC68F4} = {2C50F2BF-339C-4A42-96AC-EAC5C9F329F9}
		{8AE0083C-FB48-439E-BD45-396BA72733BE} = {2C50F2BF-339C-4A42-96AC-EAC5C9F329F9}
		{9A2BDD0B-D692-4BF5-A4A1-1BAF08AEB808} = {8AE0083C-FB48-439E-BD45-396BA72733BE}
	EndGlobalSection
EndGlobal
