Microsoft Visual Studio Solution File, Format Version 11.00
# Visual Studio 2010
Project("{FAE04EC0-301F-11D3-BF4B-00C04F79EFBC}") = "DICOMDump", "DICOMDump.csproj", "{332754B9-E7A0-411A-B150-1DF5D7DC68F4}"
EndProject
Project("{FAE04EC0-301F-11D3-BF4B-00C04F79EFBC}") = "DICOMSharp", "..\DICOMSharp\DICOMSharp\DICOMSharp.csproj", "{7D253498-DB6F-4F71-9755-F2350DF50D43}"
EndProject
Global
	GlobalSection(SolutionConfigurationPlatforms) = preSolution
		Debug|Any CPU = Debug|Any CPU
		Release|Any CPU = Release|Any CPU
	EndGlobalSection
	GlobalSection(ProjectConfigurationPlatforms) = postSolution
		{332754B9-E7A0-411A-B150-1DF5D7DC68F4}.Debug|Any CPU.ActiveCfg = Debug|Any CPU
		{332754B9-E7A0-411A-B150-1DF5D7DC68F4}.Debug|Any CPU.Build.0 = Debug|Any CPU
		{332754B9-E7A0-411A-B150-1DF5D7DC68F4}.Release|Any CPU.ActiveCfg = Release|Any CPU
		{332754B9-E7A0-411A-B150-1DF5D7DC68F4}.Release|Any CPU.Build.0 = Release|Any CPU
		{7D253498-DB6F-4F71-9755-F2350DF50D43}.Debug|Any CPU.ActiveCfg = Debug|Any CPU
		{7D253498-DB6F-4F71-9755-F2350DF50D43}.Debug|Any CPU.Build.0 = Debug|Any CPU
		{7D253498-DB6F-4F71-9755-F2350DF50D43}.Release|Any CPU.ActiveCfg = Release|Any CPU
		{7D253498-DB6F-4F71-9755-F2350DF50D43}.Release|Any CPU.Build.0 = Release|Any CPU
	EndGlobalSection
	GlobalSection(SolutionProperties) = preSolution
		HideSolutionNode = FALSE
	EndGlobalSection
EndGlobal
